// !$*UTF8*$!
{
	archiveVersion = 1;
	classes = {
	};
	objectVersion = 48;
	objects = {

/* Begin PBXBuildFile section */
		84F20CE31EF3FB3400A9466D /* AppDelegate.swift in Sources */ = {isa = PBXBuildFile; fileRef = 84F20CE21EF3FB3400A9466D /* AppDelegate.swift */; };
		84F20CE51EF3FB3400A9466D /* ViewController.swift in Sources */ = {isa = PBXBuildFile; fileRef = 84F20CE41EF3FB3400A9466D /* ViewController.swift */; };
		84F20CE81EF3FB3400A9466D /* Main.storyboard in Resources */ = {isa = PBXBuildFile; fileRef = 84F20CE61EF3FB3400A9466D /* Main.storyboard */; };
		84F20CEA1EF3FB3400A9466D /* Assets.xcassets in Resources */ = {isa = PBXBuildFile; fileRef = 84F20CE91EF3FB3400A9466D /* Assets.xcassets */; };
		84F20CED1EF3FB3400A9466D /* LaunchScreen.storyboard in Resources */ = {isa = PBXBuildFile; fileRef = 84F20CEB1EF3FB3400A9466D /* LaunchScreen.storyboard */; };
/* End PBXBuildFile section */

/* Begin PBXFileReference section */
		84F20CDF1EF3FB3400A9466D /* MixMe.one.app */ = {isa = PBXFileReference; explicitFileType = wrapper.application; includeInIndex = 0; path = MixMe.one.app; sourceTree = BUILT_PRODUCTS_DIR; };
		84F20CE21EF3FB3400A9466D /* AppDelegate.swift */ = {isa = PBXFileReference; lastKnownFileType = sourcecode.swift; path = AppDelegate.swift; sourceTree = "<group>"; };
		84F20CE41EF3FB3400A9466D /* ViewController.swift */ = {isa = PBXFileReference; lastKnownFileType = sourcecode.swift; path = ViewController.swift; sourceTree = "<group>"; };
		84F20CE71EF3FB3400A9466D /* Base */ = {isa = PBXFileReference; lastKnownFileType = file.storyboard; name = Base; path = Base.lproj/Main.storyboard; sourceTree = "<group>"; };
		84F20CE91EF3FB3400A9466D /* Assets.xcassets */ = {isa = PBXFileReference; lastKnownFileType = folder.assetcatalog; path = Assets.xcassets; sourceTree = "<group>"; };
		84F20CEC1EF3FB3400A9466D /* Base */ = {isa = PBXFileReference; lastKnownFileType = file.storyboard; name = Base; path = Base.lproj/LaunchScreen.storyboard; sourceTree = "<group>"; };
		84F20CEE1EF3FB3400A9466D /* Info.plist */ = {isa = PBXFileReference; lastKnownFileType = text.plist.xml; path = Info.plist; sourceTree = "<group>"; };
/* End PBXFileReference section */

/* Begin PBXFrameworksBuildPhase section */
		84F20CDC1EF3FB3400A9466D /* Frameworks */ = {
			isa = PBXFrameworksBuildPhase;
			buildActionMask = 2147483647;
			files = (
			);
			runOnlyForDeploymentPostprocessing = 0;
		};
/* End PBXFrameworksBuildPhase section */

/* Begin PBXGroup section */
		84F20CD61EF3FB3300A9466D = {
			isa = PBXGroup;
			children = (
				84F20CE11EF3FB3400A9466D /* MixMe.one */,
				84F20CE01EF3FB3400A9466D /* Products */,
			);
			sourceTree = "<group>";
		};
		84F20CE01EF3FB3400A9466D /* Products */ = {
			isa = PBXGroup;
			children = (
				84F20CDF1EF3FB3400A9466D /* MixMe.one.app */,
			);
			name = Products;
			sourceTree = "<group>";
		};
		84F20CE11EF3FB3400A9466D /* MixMe.one */ = {
			isa = PBXGroup;
			children = (
				84F20CE21EF3FB3400A9466D /* AppDelegate.swift */,
				84F20CE41EF3FB3400A9466D /* ViewController.swift */,
				84F20CE61EF3FB3400A9466D /* Main.storyboard */,
				84F20CE91EF3FB3400A9466D /* Assets.xcassets */,
				84F20CEB1EF3FB3400A9466D /* LaunchScreen.storyboard */,
				84F20CEE1EF3FB3400A9466D /* Info.plist */,
			);
			path = MixMe.one;
			sourceTree = "<group>";
		};
/* End PBXGroup section */

/* Begin PBXNativeTarget section */
		84F20CDE1EF3FB3400A9466D /* MixMe.one */ = {
			isa = PBXNativeTarget;
			buildConfigurationList = 84F20CF11EF3FB3400A9466D /* Build configuration list for PBXNativeTarget "MixMe.one" */;
			buildPhases = (
				84F20CDB1EF3FB3400A9466D /* Sources */,
				84F20CDC1EF3FB3400A9466D /* Frameworks */,
				84F20CDD1EF3FB3400A9466D /* Resources */,
			);
			buildRules = (
			);
			dependencies = (
			);
			name = MixMe.one;
			productName = MixMe.one;
			productReference = 84F20CDF1EF3FB3400A9466D /* MixMe.one.app */;
			productType = "com.apple.product-type.application";
		};
/* End PBXNativeTarget section */

/* Begin PBXProject section */
		84F20CD71EF3FB3300A9466D /* Project object */ = {
			isa = PBXProject;
			attributes = {
				LastSwiftUpdateCheck = 0900;
				LastUpgradeCheck = 0900;
				ORGANIZATIONNAME = MixMe.one;
				TargetAttributes = {
					84F20CDE1EF3FB3400A9466D = {
						CreatedOnToolsVersion = 9.0;
					};
				};
			};
			buildConfigurationList = 84F20CDA1EF3FB3300A9466D /* Build configuration list for PBXProject "MixMe.one" */;
			compatibilityVersion = "Xcode 8.0";
			developmentRegion = en;
			hasScannedForEncodings = 0;
			knownRegions = (
				en,
				Base,
			);
			mainGroup = 84F20CD61EF3FB3300A9466D;
			productRefGroup = 84F20CE01EF3FB3400A9466D /* Products */;
			projectDirPath = "";
			projectRoot = "";
			targets = (
				84F20CDE1EF3FB3400A9466D /* MixMe.one */,
			);
		};
/* End PBXProject section */

/* Begin PBXResourcesBuildPhase section */
		84F20CDD1EF3FB3400A9466D /* Resources */ = {
			isa = PBXResourcesBuildPhase;
			buildActionMask = 2147483647;
			files = (
				84F20CED1EF3FB3400A9466D /* LaunchScreen.storyboard in Resources */,
				84F20CEA1EF3FB3400A9466D /* Assets.xcassets in Resources */,
				84F20CE81EF3FB3400A9466D /* Main.storyboard in Resources */,
			);
			runOnlyForDeploymentPostprocessing = 0;
		};
/* End PBXResourcesBuildPhase section */

/* Begin PBXSourcesBuildPhase section */
		84F20CDB1EF3FB3400A9466D /* Sources */ = {
			isa = PBXSourcesBuildPhase;
			buildActionMask = 2147483647;
			files = (
				84F20CE51EF3FB3400A9466D /* ViewController.swift in Sources */,
				84F20CE31EF3FB3400A9466D /* AppDelegate.swift in Sources */,
			);
			runOnlyForDeploymentPostprocessing = 0;
		};
/* End PBXSourcesBuildPhase section */

/* Begin PBXVariantGroup section */
		84F20CE61EF3FB3400A9466D /* Main.storyboard */ = {
			isa = PBXVariantGroup;
			children = (
				84F20CE71EF3FB3400A9466D /* Base */,
			);
			name = Main.storyboard;
			sourceTree = "<group>";
		};
		84F20CEB1EF3FB3400A9466D /* LaunchScreen.storyboard */ = {
			isa = PBXVariantGroup;
			children = (
				84F20CEC1EF3FB3400A9466D /* Base */,
			);
			name = LaunchScreen.storyboard;
			sourceTree = "<group>";
		};
/* End PBXVariantGroup section */

/* Begin XCBuildConfiguration section */
		84F20CEF1EF3FB3400A9466D /* Debug */ = {
			isa = XCBuildConfiguration;
			buildSettings = {
				ALWAYS_SEARCH_USER_PATHS = NO;
				CLANG_ANALYZER_NONNULL = YES;
				CLANG_ANALYZER_NUMBER_OBJECT_CONVERSION = YES_AGGRESSIVE;
				CLANG_CXX_LANGUAGE_STANDARD = "gnu++14";
				CLANG_CXX_LIBRARY = "libc++";
				CLANG_ENABLE_MODULES = YES;
				CLANG_ENABLE_OBJC_ARC = YES;
				CLANG_WARN_BLOCK_CAPTURE_AUTORELEASING = YES;
				CLANG_WARN_BOOL_CONVERSION = YES;
				CLANG_WARN_COMMA = YES;
				CLANG_WARN_CONSTANT_CONVERSION = YES;
				CLANG_WARN_DIRECT_OBJC_ISA_USAGE = YES_ERROR;
				CLANG_WARN_DOCUMENTATION_COMMENTS = YES;
				CLANG_WARN_EMPTY_BODY = YES;
				CLANG_WARN_ENUM_CONVERSION = YES;
				CLANG_WARN_INFINITE_RECURSION = YES;
				CLANG_WARN_INT_CONVERSION = YES;
				CLANG_WARN_OBJC_ROOT_CLASS = YES_ERROR;
				CLANG_WARN_RANGE_LOOP_ANALYSIS = YES;
				CLANG_WARN_STRICT_PROTOTYPES = YES;
				CLANG_WARN_SUSPICIOUS_MOVE = YES;
				CLANG_WARN_UNGUARDED_AVAILABILITY = YES_AGGRESSIVE;
				CLANG_WARN_UNREACHABLE_CODE = YES;
				CLANG_WARN__DUPLICATE_METHOD_MATCH = YES;
				CODE_SIGN_IDENTITY = "iPhone Developer";
				COPY_PHASE_STRIP = NO;
				DEBUG_INFORMATION_FORMAT = dwarf;
				ENABLE_STRICT_OBJC_MSGSEND = YES;
				ENABLE_TESTABILITY = YES;
				GCC_C_LANGUAGE_STANDARD = gnu11;
				GCC_DYNAMIC_NO_PIC = NO;
				GCC_NO_COMMON_BLOCKS = YES;
				GCC_OPTIMIZATION_LEVEL = 0;
				GCC_PREPROCESSOR_DEFINITIONS = (
					"DEBUG=1",
					"$(inherited)",
				);
				GCC_WARN_64_TO_32_BIT_CONVERSION = YES;
				GCC_WARN_ABOUT_RETURN_TYPE = YES_ERROR;
				GCC_WARN_UNDECLARED_SELECTOR = YES;
				GCC_WARN_UNINITIALIZED_AUTOS = YES_AGGRESSIVE;
				GCC_WARN_UNUSED_FUNCTION = YES;
				GCC_WARN_UNUSED_VARIABLE = YES;
				IPHONEOS_DEPLOYMENT_TARGET = 11.0;
				MTL_ENABLE_DEBUG_INFO = YES;
				ONLY_ACTIVE_ARCH = YES;
				SDKROOT = iphoneos;
				SWIFT_ACTIVE_COMPILATION_CONDITIONS = DEBUG;
				SWIFT_OPTIMIZATION_LEVEL = "-Onone";
			};
			name = Debug;
		};
		84F20CF01EF3FB3400A9466D /* Release */ = {
			isa = XCBuildConfiguration;
			buildSettings = {
				ALWAYS_SEARCH_USER_PATHS = NO;
				CLANG_ANALYZER_NONNULL = YES;
				CLANG_ANALYZER_NUMBER_OBJECT_CONVERSION = YES_AGGRESSIVE;
				CLANG_CXX_LANGUAGE_STANDARD = "gnu++14";
				CLANG_CXX_LIBRARY = "libc++";
				CLANG_ENABLE_MODULES = YES;
				CLANG_ENABLE_OBJC_ARC = YES;
				CLANG_WARN_BLOCK_CAPTURE_AUTORELEASING = YES;
				CLANG_WARN_BOOL_CONVERSION = YES;
				CLANG_WARN_COMMA = YES;
				CLANG_WARN_CONSTANT_CONVERSION = YES;
				CLANG_WARN_DIRECT_OBJC_ISA_USAGE = YES_ERROR;
				CLANG_WARN_DOCUMENTATION_COMMENTS = YES;
				CLANG_WARN_EMPTY_BODY = YES;
				CLANG_WARN_ENUM_CONVERSION = YES;
				CLANG_WARN_INFINITE_RECURSION = YES;
				CLANG_WARN_INT_CONVERSION = YES;
				CLANG_WARN_OBJC_ROOT_CLASS = YES_ERROR;
				CLANG_WARN_RANGE_LOOP_ANALYSIS = YES;
				CLANG_WARN_STRICT_PROTOTYPES = YES;
				CLANG_WARN_SUSPICIOUS_MOVE = YES;
				CLANG_WARN_UNGUARDED_AVAILABILITY = YES_AGGRESSIVE;
				CLANG_WARN_UNREACHABLE_CODE = YES;
				CLANG_WARN__DUPLICATE_METHOD_MATCH = YES;
				CODE_SIGN_IDENTITY = "iPhone Developer";
				COPY_PHASE_STRIP = NO;
				DEBUG_INFORMATION_FORMAT = "dwarf-with-dsym";
				ENABLE_NS_ASSERTIONS = NO;
				ENABLE_STRICT_OBJC_MSGSEND = YES;
				GCC_C_LANGUAGE_STANDARD = gnu11;
				GCC_NO_COMMON_BLOCKS = YES;
				GCC_WARN_64_TO_32_BIT_CONVERSION = YES;
				GCC_WARN_ABOUT_RETURN_TYPE = YES_ERROR;
				GCC_WARN_UNDECLARED_SELECTOR = YES;
				GCC_WARN_UNINITIALIZED_AUTOS = YES_AGGRESSIVE;
				GCC_WARN_UNUSED_FUNCTION = YES;
				GCC_WARN_UNUSED_VARIABLE = YES;
				IPHONEOS_DEPLOYMENT_TARGET = 11.0;
				MTL_ENABLE_DEBUG_INFO = NO;
				SDKROOT = iphoneos;
				SWIFT_OPTIMIZATION_LEVEL = "-Owholemodule";
				VALIDATE_PRODUCT = YES;
			};
			name = Release;
		};
		84F20CF21EF3FB3400A9466D /* Debug */ = {
			isa = XCBuildConfiguration;
			buildSettings = {
				ASSETCATALOG_COMPILER_APPICON_NAME = AppIcon;
				DEVELOPMENT_TEAM = T58RJ7QENS;
				INFOPLIST_FILE = MixMe.one/Info.plist;
				IPHONEOS_DEPLOYMENT_TARGET = 10.3;
				LD_RUNPATH_SEARCH_PATHS = "$(inherited) @executable_path/Frameworks";
				PRODUCT_BUNDLE_IDENTIFIER = "camp.code-design.MixMe-one";
				PRODUCT_NAME = "$(TARGET_NAME)";
				SWIFT_VERSION = 4.0;
				TARGETED_DEVICE_FAMILY = "1,2";
			};
			name = Debug;
		};
		84F20CF31EF3FB3400A9466D /* Release */ = {
			isa = XCBuildConfiguration;
			buildSettings = {
				ASSETCATALOG_COMPILER_APPICON_NAME = AppIcon;
				DEVELOPMENT_TEAM = T58RJ7QENS;
				INFOPLIST_FILE = MixMe.one/Info.plist;
				IPHONEOS_DEPLOYMENT_TARGET = 10.3;
				LD_RUNPATH_SEARCH_PATHS = "$(inherited) @executable_path/Frameworks";
				PRODUCT_BUNDLE_IDENTIFIER = "camp.code-design.MixMe-one";
				PRODUCT_NAME = "$(TARGET_NAME)";
				SWIFT_VERSION = 4.0;
				TARGETED_DEVICE_FAMILY = "1,2";
			};
			name = Release;
		};
/* End XCBuildConfiguration section */

/* Begin XCConfigurationList section */
		84F20CDA1EF3FB3300A9466D /* Build configuration list for PBXProject "MixMe.one" */ = {
			isa = XCConfigurationList;
			buildConfigurations = (
				84F20CEF1EF3FB3400A9466D /* Debug */,
				84F20CF01EF3FB3400A9466D /* Release */,
			);
			defaultConfigurationIsVisible = 0;
			defaultConfigurationName = Release;
		};
		84F20CF11EF3FB3400A9466D /* Build configuration list for PBXNativeTarget "MixMe.one" */ = {
			isa = XCConfigurationList;
			buildConfigurations = (
				84F20CF21EF3FB3400A9466D /* Debug */,
				84F20CF31EF3FB3400A9466D /* Release */,
			);
			defaultConfigurationIsVisible = 0;
		};
/* End XCConfigurationList section */
	};
	rootObject = 84F20CD71EF3FB3300A9466D /* Project object */;
}
